// !$*UTF8*$!
{
	archiveVersion = 1;
	classes = {
	};
	objectVersion = 46;
	objects = {

/* Begin PBXBuildFile section */
		CEA649121B660CED0088C3BF /* main.m in Sources */ = {isa = PBXBuildFile; fileRef = CEA649111B660CED0088C3BF /* main.m */; };
		CEA649151B660CED0088C3BF /* AppDelegate.m in Sources */ = {isa = PBXBuildFile; fileRef = CEA649141B660CED0088C3BF /* AppDelegate.m */; };
		CEA649181B660CED0088C3BF /* ViewController.m in Sources */ = {isa = PBXBuildFile; fileRef = CEA649171B660CED0088C3BF /* ViewController.m */; };
		CEA6491B1B660CED0088C3BF /* Main.storyboard in Resources */ = {isa = PBXBuildFile; fileRef = CEA649191B660CED0088C3BF /* Main.storyboard */; };
		CEA6491D1B660CED0088C3BF /* Images.xcassets in Resources */ = {isa = PBXBuildFile; fileRef = CEA6491C1B660CED0088C3BF /* Images.xcassets */; };
		CEA649201B660CED0088C3BF /* LaunchScreen.xib in Resources */ = {isa = PBXBuildFile; fileRef = CEA6491E1B660CED0088C3BF /* LaunchScreen.xib */; };
		CEA6492C1B660CED0088C3BF /* HeaderCircleDemoTests.m in Sources */ = {isa = PBXBuildFile; fileRef = CEA6492B1B660CED0088C3BF /* HeaderCircleDemoTests.m */; };
/* End PBXBuildFile section */

/* Begin PBXContainerItemProxy section */
		CEA649261B660CED0088C3BF /* PBXContainerItemProxy */ = {
			isa = PBXContainerItemProxy;
			containerPortal = CEA649041B660CED0088C3BF /* Project object */;
			proxyType = 1;
			remoteGlobalIDString = CEA6490B1B660CED0088C3BF;
			remoteInfo = HeaderCircleDemo;
		};
/* End PBXContainerItemProxy section */

/* Begin PBXFileReference section */
		CEA6490C1B660CED0088C3BF /* HeaderCircleDemo.app */ = {isa = PBXFileReference; explicitFileType = wrapper.application; includeInIndex = 0; path = HeaderCircleDemo.app; sourceTree = BUILT_PRODUCTS_DIR; };
		CEA649101B660CED0088C3BF /* Info.plist */ = {isa = PBXFileReference; lastKnownFileType = text.plist.xml; path = Info.plist; sourceTree = "<group>"; };
		CEA649111B660CED0088C3BF /* main.m */ = {isa = PBXFileReference; lastKnownFileType = sourcecode.c.objc; path = main.m; sourceTree = "<group>"; };
		CEA649131B660CED0088C3BF /* AppDelegate.h */ = {isa = PBXFileReference; lastKnownFileType = sourcecode.c.h; path = AppDelegate.h; sourceTree = "<group>"; };
		CEA649141B660CED0088C3BF /* AppDelegate.m */ = {isa = PBXFileReference; lastKnownFileType = sourcecode.c.objc; path = AppDelegate.m; sourceTree = "<group>"; };
		CEA649161B660CED0088C3BF /* ViewController.h */ = {isa = PBXFileReference; lastKnownFileType = sourcecode.c.h; path = ViewController.h; sourceTree = "<group>"; };
		CEA649171B660CED0088C3BF /* ViewController.m */ = {isa = PBXFileReference; lastKnownFileType = sourcecode.c.objc; path = ViewController.m; sourceTree = "<group>"; };
		CEA6491A1B660CED0088C3BF /* Base */ = {isa = PBXFileReference; lastKnownFileType = file.storyboard; name = Base; path = Base.lproj/Main.storyboard; sourceTree = "<group>"; };
		CEA6491C1B660CED0088C3BF /* Images.xcassets */ = {isa = PBXFileReference; lastKnownFileType = folder.assetcatalog; path = Images.xcassets; sourceTree = "<group>"; };
		CEA6491F1B660CED0088C3BF /* Base */ = {isa = PBXFileReference; lastKnownFileType = file.xib; name = Base; path = Base.lproj/LaunchScreen.xib; sourceTree = "<group>"; };
		CEA649251B660CED0088C3BF /* HeaderCircleDemoTests.xctest */ = {isa = PBXFileReference; explicitFileType = wrapper.cfbundle; includeInIndex = 0; path = HeaderCircleDemoTests.xctest; sourceTree = BUILT_PRODUCTS_DIR; };
		CEA6492A1B660CED0088C3BF /* Info.plist */ = {isa = PBXFileReference; lastKnownFileType = text.plist.xml; path = Info.plist; sourceTree = "<group>"; };
		CEA6492B1B660CED0088C3BF /* HeaderCircleDemoTests.m */ = {isa = PBXFileReference; lastKnownFileType = sourcecode.c.objc; path = HeaderCircleDemoTests.m; sourceTree = "<group>"; };
/* End PBXFileReference section */

/* Begin PBXFrameworksBuildPhase section */
		CEA649091B660CED0088C3BF /* Frameworks */ = {
			isa = PBXFrameworksBuildPhase;
			buildActionMask = 2147483647;
			files = (
			);
			runOnlyForDeploymentPostprocessing = 0;
		};
		CEA649221B660CED0088C3BF /* Frameworks */ = {
			isa = PBXFrameworksBuildPhase;
			buildActionMask = 2147483647;
			files = (
			);
			runOnlyForDeploymentPostprocessing = 0;
		};
/* End PBXFrameworksBuildPhase section */

/* Begin PBXGroup section */
		CEA649031B660CED0088C3BF = {
			isa = PBXGroup;
			children = (
				CEA6490E1B660CED0088C3BF /* HeaderCircleDemo */,
				CEA649281B660CED0088C3BF /* HeaderCircleDemoTests */,
				CEA6490D1B660CED0088C3BF /* Products */,
			);
			sourceTree = "<group>";
		};
		CEA6490D1B660CED0088C3BF /* Products */ = {
			isa = PBXGroup;
			children = (
				CEA6490C1B660CED0088C3BF /* HeaderCircleDemo.app */,
				CEA649251B660CED0088C3BF /* HeaderCircleDemoTests.xctest */,
			);
			name = Products;
			sourceTree = "<group>";
		};
		CEA6490E1B660CED0088C3BF /* HeaderCircleDemo */ = {
			isa = PBXGroup;
			children = (
				CEA649131B660CED0088C3BF /* AppDelegate.h */,
				CEA649141B660CED0088C3BF /* AppDelegate.m */,
				CEA649161B660CED0088C3BF /* ViewController.h */,
				CEA649171B660CED0088C3BF /* ViewController.m */,
				CEA649191B660CED0088C3BF /* Main.storyboard */,
				CEA6491C1B660CED0088C3BF /* Images.xcassets */,
				CEA6491E1B660CED0088C3BF /* LaunchScreen.xib */,
				CEA6490F1B660CED0088C3BF /* Supporting Files */,
			);
			path = HeaderCircleDemo;
			sourceTree = "<group>";
		};
		CEA6490F1B660CED0088C3BF /* Supporting Files */ = {
			isa = PBXGroup;
			children = (
				CEA649101B660CED0088C3BF /* Info.plist */,
				CEA649111B660CED0088C3BF /* main.m */,
			);
			name = "Supporting Files";
			sourceTree = "<group>";
		};
		CEA649281B660CED0088C3BF /* HeaderCircleDemoTests */ = {
			isa = PBXGroup;
			children = (
				CEA6492B1B660CED0088C3BF /* HeaderCircleDemoTests.m */,
				CEA649291B660CED0088C3BF /* Supporting Files */,
			);
			path = HeaderCircleDemoTests;
			sourceTree = "<group>";
		};
		CEA649291B660CED0088C3BF /* Supporting Files */ = {
			isa = PBXGroup;
			children = (
				CEA6492A1B660CED0088C3BF /* Info.plist */,
			);
			name = "Supporting Files";
			sourceTree = "<group>";
		};
/* End PBXGroup section */

/* Begin PBXNativeTarget section */
		CEA6490B1B660CED0088C3BF /* HeaderCircleDemo */ = {
			isa = PBXNativeTarget;
			buildConfigurationList = CEA6492F1B660CED0088C3BF /* Build configuration list for PBXNativeTarget "HeaderCircleDemo" */;
			buildPhases = (
				CEA649081B660CED0088C3BF /* Sources */,
				CEA649091B660CED0088C3BF /* Frameworks */,
				CEA6490A1B660CED0088C3BF /* Resources */,
			);
			buildRules = (
			);
			dependencies = (
			);
			name = HeaderCircleDemo;
			productName = HeaderCircleDemo;
			productReference = CEA6490C1B660CED0088C3BF /* HeaderCircleDemo.app */;
			productType = "com.apple.product-type.application";
		};
		CEA649241B660CED0088C3BF /* HeaderCircleDemoTests */ = {
			isa = PBXNativeTarget;
			buildConfigurationList = CEA649321B660CED0088C3BF /* Build configuration list for PBXNativeTarget "HeaderCircleDemoTests" */;
			buildPhases = (
				CEA649211B660CED0088C3BF /* Sources */,
				CEA649221B660CED0088C3BF /* Frameworks */,
				CEA649231B660CED0088C3BF /* Resources */,
			);
			buildRules = (
			);
			dependencies = (
				CEA649271B660CED0088C3BF /* PBXTargetDependency */,
			);
			name = HeaderCircleDemoTests;
			productName = HeaderCircleDemoTests;
			productReference = CEA649251B660CED0088C3BF /* HeaderCircleDemoTests.xctest */;
			productType = "com.apple.product-type.bundle.unit-test";
		};
/* End PBXNativeTarget section */

/* Begin PBXProject section */
		CEA649041B660CED0088C3BF /* Project object */ = {
			isa = PBXProject;
			attributes = {
				LastUpgradeCheck = 0640;
				ORGANIZATIONNAME = leslie;
				TargetAttributes = {
					CEA6490B1B660CED0088C3BF = {
						CreatedOnToolsVersion = 6.4;
					};
					CEA649241B660CED0088C3BF = {
						CreatedOnToolsVersion = 6.4;
						TestTargetID = CEA6490B1B660CED0088C3BF;
					};
				};
			};
			buildConfigurationList = CEA649071B660CED0088C3BF /* Build configuration list for PBXProject "HeaderCircleDemo" */;
			compatibilityVersion = "Xcode 3.2";
			developmentRegion = English;
			hasScannedForEncodings = 0;
			knownRegions = (
				en,
				Base,
			);
			mainGroup = CEA649031B660CED0088C3BF;
			productRefGroup = CEA6490D1B660CED0088C3BF /* Products */;
			projectDirPath = "";
			projectRoot = "";
			targets = (
				CEA6490B1B660CED0088C3BF /* HeaderCircleDemo */,
				CEA649241B660CED0088C3BF /* HeaderCircleDemoTests */,
			);
		};
/* End PBXProject section */

/* Begin PBXResourcesBuildPhase section */
		CEA6490A1B660CED0088C3BF /* Resources */ = {
			isa = PBXResourcesBuildPhase;
			buildActionMask = 2147483647;
			files = (
				CEA6491B1B660CED0088C3BF /* Main.storyboard in Resources */,
				CEA649201B660CED0088C3BF /* LaunchScreen.xib in Resources */,
				CEA6491D1B660CED0088C3BF /* Images.xcassets in Resources */,
			);
			runOnlyForDeploymentPostprocessing = 0;
		};
		CEA649231B660CED0088C3BF /* Resources */ = {
			isa = PBXResourcesBuildPhase;
			buildActionMask = 2147483647;
			files = (
			);
			runOnlyForDeploymentPostprocessing = 0;
		};
/* End PBXResourcesBuildPhase section */

/* Begin PBXSourcesBuildPhase section */
		CEA649081B660CED0088C3BF /* Sources */ = {
			isa = PBXSourcesBuildPhase;
			buildActionMask = 2147483647;
			files = (
				CEA649181B660CED0088C3BF /* ViewController.m in Sources */,
				CEA649151B660CED0088C3BF /* AppDelegate.m in Sources */,
				CEA649121B660CED0088C3BF /* main.m in Sources */,
			);
			runOnlyForDeploymentPostprocessing = 0;
		};
		CEA649211B660CED0088C3BF /* Sources */ = {
			isa = PBXSourcesBuildPhase;
			buildActionMask = 2147483647;
			files = (
				CEA6492C1B660CED0088C3BF /* HeaderCircleDemoTests.m in Sources */,
			);
			runOnlyForDeploymentPostprocessing = 0;
		};
/* End PBXSourcesBuildPhase section */

/* Begin PBXTargetDependency section */
		CEA649271B660CED0088C3BF /* PBXTargetDependency */ = {
			isa = PBXTargetDependency;
			target = CEA6490B1B660CED0088C3BF /* HeaderCircleDemo */;
			targetProxy = CEA649261B660CED0088C3BF /* PBXContainerItemProxy */;
		};
/* End PBXTargetDependency section */

/* Begin PBXVariantGroup section */
		CEA649191B660CED0088C3BF /* Main.storyboard */ = {
			isa = PBXVariantGroup;
			children = (
				CEA6491A1B660CED0088C3BF /* Base */,
			);
			name = Main.storyboard;
			sourceTree = "<group>";
		};
		CEA6491E1B660CED0088C3BF /* LaunchScreen.xib */ = {
			isa = PBXVariantGroup;
			children = (
				CEA6491F1B660CED0088C3BF /* Base */,
			);
			name = LaunchScreen.xib;
			sourceTree = "<group>";
		};
/* End PBXVariantGroup section */

/* Begin XCBuildConfiguration section */
		CEA6492D1B660CED0088C3BF /* Debug */ = {
			isa = XCBuildConfiguration;
			buildSettings = {
				ALWAYS_SEARCH_USER_PATHS = NO;
				CLANG_CXX_LANGUAGE_STANDARD = "gnu++0x";
				CLANG_CXX_LIBRARY = "libc++";
				CLANG_ENABLE_MODULES = YES;
				CLANG_ENABLE_OBJC_ARC = YES;
				CLANG_WARN_BOOL_CONVERSION = YES;
				CLANG_WARN_CONSTANT_CONVERSION = YES;
				CLANG_WARN_DIRECT_OBJC_ISA_USAGE = YES_ERROR;
				CLANG_WARN_EMPTY_BODY = YES;
				CLANG_WARN_ENUM_CONVERSION = YES;
				CLANG_WARN_INT_CONVERSION = YES;
				CLANG_WARN_OBJC_ROOT_CLASS = YES_ERROR;
				CLANG_WARN_UNREACHABLE_CODE = YES;
				CLANG_WARN__DUPLICATE_METHOD_MATCH = YES;
				"CODE_SIGN_IDENTITY[sdk=iphoneos*]" = "iPhone Developer";
				COPY_PHASE_STRIP = NO;
				DEBUG_INFORMATION_FORMAT = "dwarf-with-dsym";
				ENABLE_STRICT_OBJC_MSGSEND = YES;
				GCC_C_LANGUAGE_STANDARD = gnu99;
				GCC_DYNAMIC_NO_PIC = NO;
				GCC_NO_COMMON_BLOCKS = YES;
				GCC_OPTIMIZATION_LEVEL = 0;
				GCC_PREPROCESSOR_DEFINITIONS = (
					"DEBUG=1",
					"$(inherited)",
				);
				GCC_SYMBOLS_PRIVATE_EXTERN = NO;
				GCC_WARN_64_TO_32_BIT_CONVERSION = YES;
				GCC_WARN_ABOUT_RETURN_TYPE = YES_ERROR;
				GCC_WARN_UNDECLARED_SELECTOR = YES;
				GCC_WARN_UNINITIALIZED_AUTOS = YES_AGGRESSIVE;
				GCC_WARN_UNUSED_FUNCTION = YES;
				GCC_WARN_UNUSED_VARIABLE = YES;
				IPHONEOS_DEPLOYMENT_TARGET = 8.4;
				MTL_ENABLE_DEBUG_INFO = YES;
				ONLY_ACTIVE_ARCH = YES;
				SDKROOT = iphoneos;
				TARGETED_DEVICE_FAMILY = "1,2";
			};
			name = Debug;
		};
		CEA6492E1B660CED0088C3BF /* Release */ = {
			isa = XCBuildConfiguration;
			buildSettings = {
				ALWAYS_SEARCH_USER_PATHS = NO;
				CLANG_CXX_LANGUAGE_STANDARD = "gnu++0x";
				CLANG_CXX_LIBRARY = "libc++";
				CLANG_ENABLE_MODULES = YES;
				CLANG_ENABLE_OBJC_ARC = YES;
				CLANG_WARN_BOOL_CONVERSION = YES;
				CLANG_WARN_CONSTANT_CONVERSION = YES;
				CLANG_WARN_DIRECT_OBJC_ISA_USAGE = YES_ERROR;
				CLANG_WARN_EMPTY_BODY = YES;
				CLANG_WARN_ENUM_CONVERSION = YES;
				CLANG_WARN_INT_CONVERSION = YES;
				CLANG_WARN_OBJC_ROOT_CLASS = YES_ERROR;
				CLANG_WARN_UNREACHABLE_CODE = YES;
				CLANG_WARN__DUPLICATE_METHOD_MATCH = YES;
				"CODE_SIGN_IDENTITY[sdk=iphoneos*]" = "iPhone Developer";
				COPY_PHASE_STRIP = NO;
				DEBUG_INFORMATION_FORMAT = "dwarf-with-dsym";
				ENABLE_NS_ASSERTIONS = NO;
				ENABLE_STRICT_OBJC_MSGSEND = YES;
				GCC_C_LANGUAGE_STANDARD = gnu99;
				GCC_NO_COMMON_BLOCKS = YES;
				GCC_WARN_64_TO_32_BIT_CONVERSION = YES;
				GCC_WARN_ABOUT_RETURN_TYPE = YES_ERROR;
				GCC_WARN_UNDECLARED_SELECTOR = YES;
				GCC_WARN_UNINITIALIZED_AUTOS = YES_AGGRESSIVE;
				GCC_WARN_UNUSED_FUNCTION = YES;
				GCC_WARN_UNUSED_VARIABLE = YES;
				IPHONEOS_DEPLOYMENT_TARGET = 8.4;
				MTL_ENABLE_DEBUG_INFO = NO;
				SDKROOT = iphoneos;
				TARGETED_DEVICE_FAMILY = "1,2";
				VALIDATE_PRODUCT = YES;
			};
			name = Release;
		};
		CEA649301B660CED0088C3BF /* Debug */ = {
			isa = XCBuildConfiguration;
			buildSettings = {
				ASSETCATALOG_COMPILER_APPICON_NAME = AppIcon;
				INFOPLIST_FILE = HeaderCircleDemo/Info.plist;
				LD_RUNPATH_SEARCH_PATHS = "$(inherited) @executable_path/Frameworks";
				PRODUCT_NAME = "$(TARGET_NAME)";
			};
			name = Debug;
		};
		CEA649311B660CED0088C3BF /* Release */ = {
			isa = XCBuildConfiguration;
			buildSettings = {
				ASSETCATALOG_COMPILER_APPICON_NAME = AppIcon;
				INFOPLIST_FILE = HeaderCircleDemo/Info.plist;
				LD_RUNPATH_SEARCH_PATHS = "$(inherited) @executable_path/Frameworks";
				PRODUCT_NAME = "$(TARGET_NAME)";
			};
			name = Release;
		};
		CEA649331B660CED0088C3BF /* Debug */ = {
			isa = XCBuildConfiguration;
			buildSettings = {
				BUNDLE_LOADER = "$(TEST_HOST)";
				FRAMEWORK_SEARCH_PATHS = (
					"$(SDKROOT)/Developer/Library/Frameworks",
					"$(inherited)",
				);
				GCC_PREPROCESSOR_DEFINITIONS = (
					"DEBUG=1",
					"$(inherited)",
				);
				INFOPLIST_FILE = HeaderCircleDemoTests/Info.plist;
				LD_RUNPATH_SEARCH_PATHS = "$(inherited) @executable_path/Frameworks @loader_path/Frameworks";
				PRODUCT_NAME = "$(TARGET_NAME)";
				TEST_HOST = "$(BUILT_PRODUCTS_DIR)/HeaderCircleDemo.app/HeaderCircleDemo";
			};
			name = Debug;
		};
		CEA649341B660CED0088C3BF /* Release */ = {
			isa = XCBuildConfiguration;
			buildSettings = {
				BUNDLE_LOADER = "$(TEST_HOST)";
				FRAMEWORK_SEARCH_PATHS = (
					"$(SDKROOT)/Developer/Library/Frameworks",
					"$(inherited)",
				);
				INFOPLIST_FILE = HeaderCircleDemoTests/Info.plist;
				LD_RUNPATH_SEARCH_PATHS = "$(inherited) @executable_path/Frameworks @loader_path/Frameworks";
				PRODUCT_NAME = "$(TARGET_NAME)";
				TEST_HOST = "$(BUILT_PRODUCTS_DIR)/HeaderCircleDemo.app/HeaderCircleDemo";
			};
			name = Release;
		};
/* End XCBuildConfiguration section */

/* Begin XCConfigurationList section */
		CEA649071B660CED0088C3BF /* Build configuration list for PBXProject "HeaderCircleDemo" */ = {
			isa = XCConfigurationList;
			buildConfigurations = (
				CEA6492D1B660CED0088C3BF /* Debug */,
				CEA6492E1B660CED0088C3BF /* Release */,
			);
			defaultConfigurationIsVisible = 0;
			defaultConfigurationName = Release;
		};
		CEA6492F1B660CED0088C3BF /* Build configuration list for PBXNativeTarget "HeaderCircleDemo" */ = {
			isa = XCConfigurationList;
			buildConfigurations = (
				CEA649301B660CED0088C3BF /* Debug */,
				CEA649311B660CED0088C3BF /* Release */,
			);
			defaultConfigurationIsVisible = 0;
		};
		CEA649321B660CED0088C3BF /* Build configuration list for PBXNativeTarget "HeaderCircleDemoTests" */ = {
			isa = XCConfigurationList;
			buildConfigurations = (
				CEA649331B660CED0088C3BF /* Debug */,
				CEA649341B660CED0088C3BF /* Release */,
			);
			defaultConfigurationIsVisible = 0;
		};
/* End XCConfigurationList section */
	};
	rootObject = CEA649041B660CED0088C3BF /* Project object */;
}
